# This file is automatically @generated by Cargo.
# It is not intended for manual editing.
version = 4

[[package]]
name = "cmk-kube-types"
version = "2.0.0"

[[package]]
name = "metrics-cache"
version = "2.0.0"
dependencies = [
 "cmk-kube-types",
]

[[package]]
name = "metrics-fetcher"
version = "2.0.0"
